
Microsoft Visual Studio Solution File, Format Version 12.00
# Visual Studio Version 17
VisualStudioVersion = 17.0.32014.148
MinimumVisualStudioVersion = 10.0.40219.1
Project("{FAE04EC0-301F-11D3-BF4B-00C04F79EFBC}") = "RabbitConsumerConsole", "RabbitConsumerConsole\RabbitConsumerConsole.csproj", "{48AF087A-4F34-460E-A5BD-A8D7D043C424}"
EndProject
Global
	GlobalSection(SolutionConfigurationPlatforms) = preSolution
		Debug|Any CPU = Debug|Any CPU
		Release|Any CPU = Release|Any CPU
	EndGlobalSection
	GlobalSection(ProjectConfigurationPlatforms) = postSolution
		{48AF087A-4F34-460E-A5BD-A8D7D043C424}.Debug|Any CPU.ActiveCfg = Debug|Any CPU
		{48AF087A-4F34-460E-A5BD-A8D7D043C424}.Debug|Any CPU.Build.0 = Debug|Any CPU
		{48AF087A-4F34-460E-A5BD-A8D7D043C424}.Release|Any CPU.ActiveCfg = Release|Any CPU
		{48AF087A-4F34-460E-A5BD-A8D7D043C424}.Release|Any CPU.Build.0 = Release|Any CPU
	EndGlobalSection
	GlobalSection(SolutionProperties) = preSolution
		HideSolutionNode = FALSE
	EndGlobalSection
	GlobalSection(ExtensibilityGlobals) = postSolution
		SolutionGuid = {A7C8A93A-C3C5-4A93-B5D3-33AE808FBB2D}
	EndGlobalSection
EndGlobal
